
Microsoft Visual Studio Solution File, Format Version 12.00
# Visual Studio Version 16
VisualStudioVersion = 16.0.29709.97
MinimumVisualStudioVersion = 10.0.40219.1
Project("{9A19103F-16F7-4668-BE54-9A1E7A4F7556}") = "Swisschain.Extensions.EfCore", "src\Swisschain.Extensions.EfCore\Swisschain.Extensions.EfCore.csproj", "{785E051F-79CA-4E12-A3D7-48E746F3E731}"
EndProject
Project("{9A19103F-16F7-4668-BE54-9A1E7A4F7556}") = "TestApp", "tests\TestApp\TestApp.csproj", "{C274814D-D19C-41A2-A7BB-4A5A4821DE22}"
EndProject
Project("{2150E333-8FDC-42A3-9474-1A3956D46DE8}") = ".github", ".github", "{C0D161C3-3FF7-4F9C-9320-3FB2B4E86EB5}"
EndProject
Project("{2150E333-8FDC-42A3-9474-1A3956D46DE8}") = "workflows", "workflows", "{A9729369-F332-4C46-A234-E6D85988E912}"
ProjectSection(SolutionItems) = preProject
	.github\workflows\DeployNuget.yml = .github\workflows\DeployNuget.yml
	.github\workflows\ValidateCommit.yml = .github\workflows\ValidateCommit.yml
EndProjectSection
EndProject
Global
	GlobalSection(SolutionConfigurationPlatforms) = preSolution
		Debug|Any CPU = Debug|Any CPU
		Release|Any CPU = Release|Any CPU
	EndGlobalSection
	GlobalSection(ProjectConfigurationPlatforms) = postSolution
		{785E051F-79CA-4E12-A3D7-48E746F3E731}.Debug|Any CPU.ActiveCfg = Debug|Any CPU
		{785E051F-79CA-4E12-A3D7-48E746F3E731}.Debug|Any CPU.Build.0 = Debug|Any CPU
		{785E051F-79CA-4E12-A3D7-48E746F3E731}.Release|Any CPU.ActiveCfg = Release|Any CPU
		{785E051F-79CA-4E12-A3D7-48E746F3E731}.Release|Any CPU.Build.0 = Release|Any CPU
		{C274814D-D19C-41A2-A7BB-4A5A4821DE22}.Debug|Any CPU.ActiveCfg = Debug|Any CPU
		{C274814D-D19C-41A2-A7BB-4A5A4821DE22}.Debug|Any CPU.Build.0 = Debug|Any CPU
		{C274814D-D19C-41A2-A7BB-4A5A4821DE22}.Release|Any CPU.ActiveCfg = Release|Any CPU
		{C274814D-D19C-41A2-A7BB-4A5A4821DE22}.Release|Any CPU.Build.0 = Release|Any CPU
	EndGlobalSection
	GlobalSection(SolutionProperties) = preSolution
		HideSolutionNode = FALSE
	EndGlobalSection
	GlobalSection(ExtensibilityGlobals) = postSolution
		SolutionGuid = {B4BE940B-5667-456C-918D-9971C52C097F}
	EndGlobalSection
	GlobalSection(NestedProjects) = preSolution
		{A9729369-F332-4C46-A234-E6D85988E912} = {C0D161C3-3FF7-4F9C-9320-3FB2B4E86EB5}
	EndGlobalSection
EndGlobal
